
Microsoft Visual Studio Solution File, Format Version 12.00
# Visual Studio Version 16
VisualStudioVersion = 16.0.30621.155
MinimumVisualStudioVersion = 10.0.40219.1
Project("{FAE04EC0-301F-11D3-BF4B-00C04F79EFBC}") = "NetAS-CMS", "NetAS-CMS\NetAS-CMS.csproj", "{80506D50-59EF-497F-9E88-09595A56FFAF}"
EndProject
Global
	GlobalSection(SolutionConfigurationPlatforms) = preSolution
		Debug|Any CPU = Debug|Any CPU
		Release|Any CPU = Release|Any CPU
	EndGlobalSection
	GlobalSection(ProjectConfigurationPlatforms) = postSolution
		{80506D50-59EF-497F-9E88-09595A56FFAF}.Debug|Any CPU.ActiveCfg = Debug|Any CPU
		{80506D50-59EF-497F-9E88-09595A56FFAF}.Debug|Any CPU.Build.0 = Debug|Any CPU
		{80506D50-59EF-497F-9E88-09595A56FFAF}.Release|Any CPU.ActiveCfg = Release|Any CPU
		{80506D50-59EF-497F-9E88-09595A56FFAF}.Release|Any CPU.Build.0 = Release|Any CPU
	EndGlobalSection
	GlobalSection(SolutionProperties) = preSolution
		HideSolutionNode = FALSE
	EndGlobalSection
	GlobalSection(ExtensibilityGlobals) = postSolution
		SolutionGuid = {9C98F48B-69F4-40F0-851B-8A3C02508152}
	EndGlobalSection
EndGlobal
